
Microsoft Visual Studio Solution File, Format Version 12.00
# Visual Studio 15
VisualStudioVersion = 15.0.28010.2041
MinimumVisualStudioVersion = 10.0.40219.1
Project("{9A19103F-16F7-4668-BE54-9A1E7A4F7556}") = "server", "server\server.csproj", "{2E20D736-7D01-407F-96EF-457D77473FD2}"
EndProject
Global
	GlobalSection(SolutionConfigurationPlatforms) = preSolution
		Debug|Any CPU = Debug|Any CPU
		Release|Any CPU = Release|Any CPU
	EndGlobalSection
	GlobalSection(ProjectConfigurationPlatforms) = postSolution
		{2E20D736-7D01-407F-96EF-457D77473FD2}.Debug|Any CPU.ActiveCfg = Debug|Any CPU
		{2E20D736-7D01-407F-96EF-457D77473FD2}.Debug|Any CPU.Build.0 = Debug|Any CPU
		{2E20D736-7D01-407F-96EF-457D77473FD2}.Release|Any CPU.ActiveCfg = Release|Any CPU
		{2E20D736-7D01-407F-96EF-457D77473FD2}.Release|Any CPU.Build.0 = Release|Any CPU
	EndGlobalSection
	GlobalSection(SolutionProperties) = preSolution
		HideSolutionNode = FALSE
	EndGlobalSection
	GlobalSection(ExtensibilityGlobals) = postSolution
		SolutionGuid = {C150863C-1D35-4DAB-845B-5CDC5A76C5C2}
	EndGlobalSection
EndGlobal
